// !$*UTF8*$!
{
	archiveVersion = 1;
	classes = {
	};
	objectVersion = 48;
	objects = {

/* Begin PBXBuildFile section */
		18B0A0A0FF75161FB40B6446 /* libPods-MortgageCalculator.a in Frameworks */ = {isa = PBXBuildFile; fileRef = B79BA38692A8DFFDB30867CC /* libPods-MortgageCalculator.a */; };
		297FE1F11FE4B256005A82FD /* CalculatorDetailViewController+Custom.m in Sources */ = {isa = PBXBuildFile; fileRef = 297FE1F01FE4B256005A82FD /* CalculatorDetailViewController+Custom.m */; };
		297FE1F51FE4C242005A82FD /* FCPickerView.m in Sources */ = {isa = PBXBuildFile; fileRef = 297FE1F41FE4C242005A82FD /* FCPickerView.m */; };
		297FE1F81FE56FD6005A82FD /* FCDatePickerView.m in Sources */ = {isa = PBXBuildFile; fileRef = 297FE1F71FE56FD6005A82FD /* FCDatePickerView.m */; };
		F529D3131FFFC98B0022562D /* SYPageModel.m in Sources */ = {isa = PBXBuildFile; fileRef = F529D3091FFFC98B0022562D /* SYPageModel.m */; };
		F529D3141FFFC98B0022562D /* SYToolModel.m in Sources */ = {isa = PBXBuildFile; fileRef = F529D30B1FFFC98B0022562D /* SYToolModel.m */; };
		F529D3151FFFC98B0022562D /* SYMoreOptionView.m in Sources */ = {isa = PBXBuildFile; fileRef = F529D30E1FFFC98B0022562D /* SYMoreOptionView.m */; };
		F529D3161FFFC98B0022562D /* SYToolBoxView.m in Sources */ = {isa = PBXBuildFile; fileRef = F529D3101FFFC98B0022562D /* SYToolBoxView.m */; };
		F529D3171FFFC98B0022562D /* SYToolView.m in Sources */ = {isa = PBXBuildFile; fileRef = F529D3121FFFC98B0022562D /* SYToolView.m */; };
		F54F67F01FDF7C2600D78013 /* CalculatorResultModel.m in Sources */ = {isa = PBXBuildFile; fileRef = F54F67EF1FDF7C2600D78013 /* CalculatorResultModel.m */; };
		F54F67F31FDF9C2500D78013 /* UIFont+ChangeFont.m in Sources */ = {isa = PBXBuildFile; fileRef = F54F67F21FDF9C2500D78013 /* UIFont+ChangeFont.m */; };
		F54F67F81FDFB06800D78013 /* CalculatorDetailViewController.m in Sources */ = {isa = PBXBuildFile; fileRef = F54F67F71FDFB06800D78013 /* CalculatorDetailViewController.m */; };
		F54F68001FDFB0E800D78013 /* CalculatorManager.m in Sources */ = {isa = PBXBuildFile; fileRef = F54F67FF1FDFB0E200D78013 /* CalculatorManager.m */; };
		F54F68011FDFB0F100D78013 /* CalculatorManager.h in Resources */ = {isa = PBXBuildFile; fileRef = F54F67FE1FDFB0E200D78013 /* CalculatorManager.h */; };
		F54F68051FDFB32A00D78013 /* ShowAdManager.m in Sources */ = {isa = PBXBuildFile; fileRef = F54F68041FDFB32A00D78013 /* ShowAdManager.m */; };
		F54F68081FE3AC5D00D78013 /* ShangYeViewController.m in Sources */ = {isa = PBXBuildFile; fileRef = F54F68071FE3AC5D00D78013 /* ShangYeViewController.m */; };
		F54F680B1FE3AFC600D78013 /* GongJiJinViewController.m in Sources */ = {isa = PBXBuildFile; fileRef = F54F680A1FE3AFC600D78013 /* GongJiJinViewController.m */; };
		F54F680E1FE3AFD500D78013 /* ZuHeViewController.m in Sources */ = {isa = PBXBuildFile; fileRef = F54F680D1FE3AFD500D78013 /* ZuHeViewController.m */; };
		F54F68111FE3AFE300D78013 /* TiQianHuanDaiViewController.m in Sources */ = {isa = PBXBuildFile; fileRef = F54F68101FE3AFE300D78013 /* TiQianHuanDaiViewController.m */; };
		F54F68151FE3D35000D78013 /* NSDate+format.m in Sources */ = {isa = PBXBuildFile; fileRef = F54F68141FE3D35000D78013 /* NSDate+format.m */; };
		F54F68181FE3D67200D78013 /* SYListViewController+ActionSheet.m in Sources */ = {isa = PBXBuildFile; fileRef = F54F68171FE3D67200D78013 /* SYListViewController+ActionSheet.m */; };
		F54F68201FE77D9200D78013 /* LiLvBiaoViewController.m in Sources */ = {isa = PBXBuildFile; fileRef = F54F681F1FE77D9200D78013 /* LiLvBiaoViewController.m */; };
		F54F68211FE77FB500D78013 /* lilvbiao.html in Resources */ = {isa = PBXBuildFile; fileRef = F54F68191FE7702000D78013 /* lilvbiao.html */; };
		F54F682D1FE930BE00D78013 /* ProgressHUD.m in Sources */ = {isa = PBXBuildFile; fileRef = F54F682C1FE930B200D78013 /* ProgressHUD.m */; };
		F54F682E1FE930C600D78013 /* ProgressHUD.h in Resources */ = {isa = PBXBuildFile; fileRef = F54F682B1FE930B200D78013 /* ProgressHUD.h */; };
		F57F518220468ED800EE5C43 /* ShareManager.m in Sources */ = {isa = PBXBuildFile; fileRef = F57F518120468ED800EE5C43 /* ShareManager.m */; };
		F5A4B28B1FDCE5CE00D0BC37 /* SYListCell.m in Sources */ = {isa = PBXBuildFile; fileRef = F5A4B2811FDCE3AF00D0BC37 /* SYListCell.m */; };
		F5A4B28C1FDCE5D400D0BC37 /* SYListCell.h in Resources */ = {isa = PBXBuildFile; fileRef = F5A4B2801FDCE3AF00D0BC37 /* SYListCell.h */; };
		F5A4B2951FDCF26000D0BC37 /* SYListViewController.m in Sources */ = {isa = PBXBuildFile; fileRef = F5A4B2921FDCF24C00D0BC37 /* SYListViewController.m */; };
		F5A4B2961FDCF26000D0BC37 /* ViewController.m in Sources */ = {isa = PBXBuildFile; fileRef = F5A4B2941FDCF24C00D0BC37 /* ViewController.m */; };
		F5A4B2971FDCF26600D0BC37 /* SYListViewController.h in Resources */ = {isa = PBXBuildFile; fileRef = F5A4B2911FDCF24C00D0BC37 /* SYListViewController.h */; };
		F5A4B2981FDCF26600D0BC37 /* ViewController.h in Resources */ = {isa = PBXBuildFile; fileRef = F5A4B2931FDCF24C00D0BC37 /* ViewController.h */; };
		F5A4B2A71FDD12BA00D0BC37 /* MLTransitionAnimation.m in Sources */ = {isa = PBXBuildFile; fileRef = F5A4B2A41FDD112200D0BC37 /* MLTransitionAnimation.m */; };
		F5A4B2A81FDD12BA00D0BC37 /* UIViewController+MLTransition.m in Sources */ = {isa = PBXBuildFile; fileRef = F5A4B2A61FDD112200D0BC37 /* UIViewController+MLTransition.m */; };
		F5A4B2A91FDD12C200D0BC37 /* MLTransitionAnimation.h in Resources */ = {isa = PBXBuildFile; fileRef = F5A4B2A31FDD112200D0BC37 /* MLTransitionAnimation.h */; };
		F5A4B2AA1FDD12C200D0BC37 /* UIViewController+MLTransition.h in Resources */ = {isa = PBXBuildFile; fileRef = F5A4B2A51FDD112200D0BC37 /* UIViewController+MLTransition.h */; };
		F5A4B2AD1FDD1AC100D0BC37 /* PayModel.m in Sources */ = {isa = PBXBuildFile; fileRef = F5A4B2AC1FDD1AC100D0BC37 /* PayModel.m */; };
		F5A4B2B01FDD1E4700D0BC37 /* ResultCell.m in Sources */ = {isa = PBXBuildFile; fileRef = F5A4B2AF1FDD1E4700D0BC37 /* ResultCell.m */; };
		F5AB70041FFFCECC00A0B1C2 /* AboutUsViewController.m in Sources */ = {isa = PBXBuildFile; fileRef = F5AB70031FFFCECC00A0B1C2 /* AboutUsViewController.m */; };
		F5B616F81FF66AE400EF36C4 /* Localizable.strings in Resources */ = {isa = PBXBuildFile; fileRef = F5B616FA1FF66AE400EF36C4 /* Localizable.strings */; };
		F5B616FE1FF66CAB00EF36C4 /* InfoPlist.strings in Resources */ = {isa = PBXBuildFile; fileRef = F5B617001FF66CAB00EF36C4 /* InfoPlist.strings */; };
		F5B6170F1FF678DA00EF36C4 /* LaunchScreen_en.storyboard in Resources */ = {isa = PBXBuildFile; fileRef = F5B617111FF678DA00EF36C4 /* LaunchScreen_en.storyboard */; };
		F5B617171FF67C3000EF36C4 /* LaunchScreen_ch.storyboard in Resources */ = {isa = PBXBuildFile; fileRef = F5B617161FF67C3000EF36C4 /* LaunchScreen_ch.storyboard */; };
		F5C520B81FD8ED51004C071A /* AppDelegate.m in Sources */ = {isa = PBXBuildFile; fileRef = F5C520B71FD8ED51004C071A /* AppDelegate.m */; };
		F5C520C01FD8ED51004C071A /* Assets.xcassets in Resources */ = {isa = PBXBuildFile; fileRef = F5C520BF1FD8ED51004C071A /* Assets.xcassets */; };
		F5F790BA1FD9716D006CEF69 /* SYDebugToolMacro.h in Resources */ = {isa = PBXBuildFile; fileRef = F5F790B71FD9712C006CEF69 /* SYDebugToolMacro.h */; };
		F5F790BB1FD9716D006CEF69 /* SystemMacro.h in Resources */ = {isa = PBXBuildFile; fileRef = F5F790B81FD9712C006CEF69 /* SystemMacro.h */; };
		F5F790BF1FD97224006CEF69 /* main.m in Sources */ = {isa = PBXBuildFile; fileRef = F5F790B41FD97100006CEF69 /* main.m */; };
		F5F790D21FD98BA9006CEF69 /* SYTabbedHeaderItem.m in Sources */ = {isa = PBXBuildFile; fileRef = F5F790CB1FD98B17006CEF69 /* SYTabbedHeaderItem.m */; };
		F5F790D31FD98BA9006CEF69 /* SYTabbedHeaderView.m in Sources */ = {isa = PBXBuildFile; fileRef = F5F790CD1FD98B17006CEF69 /* SYTabbedHeaderView.m */; };
		F5F790D41FD98BA9006CEF69 /* SYTabbedScrollView.m in Sources */ = {isa = PBXBuildFile; fileRef = F5F790CF1FD98B17006CEF69 /* SYTabbedScrollView.m */; };
		F5F790D51FD98BA9006CEF69 /* SYTabbedView.m in Sources */ = {isa = PBXBuildFile; fileRef = F5F790D11FD98B17006CEF69 /* SYTabbedView.m */; };
		F5F790D61FD98BB4006CEF69 /* SYTabbedHeaderItem.h in Resources */ = {isa = PBXBuildFile; fileRef = F5F790CA1FD98B17006CEF69 /* SYTabbedHeaderItem.h */; };
		F5F790D71FD98BB4006CEF69 /* SYTabbedHeaderView.h in Resources */ = {isa = PBXBuildFile; fileRef = F5F790CC1FD98B17006CEF69 /* SYTabbedHeaderView.h */; };
		F5F790D81FD98BB4006CEF69 /* SYTabbedScrollView.h in Resources */ = {isa = PBXBuildFile; fileRef = F5F790CE1FD98B17006CEF69 /* SYTabbedScrollView.h */; };
		F5F790D91FD98BB4006CEF69 /* SYTabbedView.h in Resources */ = {isa = PBXBuildFile; fileRef = F5F790D01FD98B17006CEF69 /* SYTabbedView.h */; };
		F5F790E41FD98EFB006CEF69 /* SYTopNaviBarView.m in Sources */ = {isa = PBXBuildFile; fileRef = F5F790E21FD98EFB006CEF69 /* SYTopNaviBarView.m */; };
		F5F790E81FDA79DD006CEF69 /* CalculatorModel.m in Sources */ = {isa = PBXBuildFile; fileRef = F5F790E71FDA79DD006CEF69 /* CalculatorModel.m */; };
/* End PBXBuildFile section */

/* Begin PBXFileReference section */
		297FE1EF1FE4B256005A82FD /* CalculatorDetailViewController+Custom.h */ = {isa = PBXFileReference; fileEncoding = 4; lastKnownFileType = sourcecode.c.h; path = "CalculatorDetailViewController+Custom.h"; sourceTree = "<group>"; };
		297FE1F01FE4B256005A82FD /* CalculatorDetailViewController+Custom.m */ = {isa = PBXFileReference; fileEncoding = 4; lastKnownFileType = sourcecode.c.objc; path = "CalculatorDetailViewController+Custom.m"; sourceTree = "<group>"; };
		297FE1F31FE4C242005A82FD /* FCPickerView.h */ = {isa = PBXFileReference; fileEncoding = 4; lastKnownFileType = sourcecode.c.h; path = FCPickerView.h; sourceTree = "<group>"; };
		297FE1F41FE4C242005A82FD /* FCPickerView.m */ = {isa = PBXFileReference; fileEncoding = 4; lastKnownFileType = sourcecode.c.objc; path = FCPickerView.m; sourceTree = "<group>"; };
		297FE1F61FE56FD6005A82FD /* FCDatePickerView.h */ = {isa = PBXFileReference; fileEncoding = 4; lastKnownFileType = sourcecode.c.h; path = FCDatePickerView.h; sourceTree = "<group>"; };
		297FE1F71FE56FD6005A82FD /* FCDatePickerView.m */ = {isa = PBXFileReference; fileEncoding = 4; lastKnownFileType = sourcecode.c.objc; path = FCDatePickerView.m; sourceTree = "<group>"; };
		986EA0910B31EBF1F60A2929 /* Pods-MortgageCalculator.release.xcconfig */ = {isa = PBXFileReference; includeInIndex = 1; lastKnownFileType = text.xcconfig; name = "Pods-MortgageCalculator.release.xcconfig"; path = "Pods/Target Support Files/Pods-MortgageCalculator/Pods-MortgageCalculator.release.xcconfig"; sourceTree = "<group>"; };
		B4C6217D5BA5897C895124C3 /* Pods-MortgageCalculator.debug.xcconfig */ = {isa = PBXFileReference; includeInIndex = 1; lastKnownFileType = text.xcconfig; name = "Pods-MortgageCalculator.debug.xcconfig"; path = "Pods/Target Support Files/Pods-MortgageCalculator/Pods-MortgageCalculator.debug.xcconfig"; sourceTree = "<group>"; };
		B79BA38692A8DFFDB30867CC /* libPods-MortgageCalculator.a */ = {isa = PBXFileReference; explicitFileType = archive.ar; includeInIndex = 0; path = "libPods-MortgageCalculator.a"; sourceTree = BUILT_PRODUCTS_DIR; };
		F529D3081FFFC98B0022562D /* SYPageModel.h */ = {isa = PBXFileReference; fileEncoding = 4; lastKnownFileType = sourcecode.c.h; path = SYPageModel.h; sourceTree = "<group>"; };
		F529D3091FFFC98B0022562D /* SYPageModel.m */ = {isa = PBXFileReference; fileEncoding = 4; lastKnownFileType = sourcecode.c.objc; path = SYPageModel.m; sourceTree = "<group>"; };
		F529D30A1FFFC98B0022562D /* SYToolModel.h */ = {isa = PBXFileReference; fileEncoding = 4; lastKnownFileType = sourcecode.c.h; path = SYToolModel.h; sourceTree = "<group>"; };
		F529D30B1FFFC98B0022562D /* SYToolModel.m */ = {isa = PBXFileReference; fileEncoding = 4; lastKnownFileType = sourcecode.c.objc; path = SYToolModel.m; sourceTree = "<group>"; };
		F529D30D1FFFC98B0022562D /* SYMoreOptionView.h */ = {isa = PBXFileReference; fileEncoding = 4; lastKnownFileType = sourcecode.c.h; path = SYMoreOptionView.h; sourceTree = "<group>"; };
		F529D30E1FFFC98B0022562D /* SYMoreOptionView.m */ = {isa = PBXFileReference; fileEncoding = 4; lastKnownFileType = sourcecode.c.objc; path = SYMoreOptionView.m; sourceTree = "<group>"; };
		F529D30F1FFFC98B0022562D /* SYToolBoxView.h */ = {isa = PBXFileReference; fileEncoding = 4; lastKnownFileType = sourcecode.c.h; path = SYToolBoxView.h; sourceTree = "<group>"; };
		F529D3101FFFC98B0022562D /* SYToolBoxView.m */ = {isa = PBXFileReference; fileEncoding = 4; lastKnownFileType = sourcecode.c.objc; path = SYToolBoxView.m; sourceTree = "<group>"; };
		F529D3111FFFC98B0022562D /* SYToolView.h */ = {isa = PBXFileReference; fileEncoding = 4; lastKnownFileType = sourcecode.c.h; path = SYToolView.h; sourceTree = "<group>"; };
		F529D3121FFFC98B0022562D /* SYToolView.m */ = {isa = PBXFileReference; fileEncoding = 4; lastKnownFileType = sourcecode.c.objc; path = SYToolView.m; sourceTree = "<group>"; };
		F54F67EE1FDF7C2600D78013 /* CalculatorResultModel.h */ = {isa = PBXFileReference; lastKnownFileType = sourcecode.c.h; path = CalculatorResultModel.h; sourceTree = "<group>"; };
		F54F67EF1FDF7C2600D78013 /* CalculatorResultModel.m */ = {isa = PBXFileReference; lastKnownFileType = sourcecode.c.objc; path = CalculatorResultModel.m; sourceTree = "<group>"; };
		F54F67F11FDF9C2500D78013 /* UIFont+ChangeFont.h */ = {isa = PBXFileReference; lastKnownFileType = sourcecode.c.h; path = "UIFont+ChangeFont.h"; sourceTree = "<group>"; };
		F54F67F21FDF9C2500D78013 /* UIFont+ChangeFont.m */ = {isa = PBXFileReference; lastKnownFileType = sourcecode.c.objc; path = "UIFont+ChangeFont.m"; sourceTree = "<group>"; };
		F54F67F61FDFB06800D78013 /* CalculatorDetailViewController.h */ = {isa = PBXFileReference; fileEncoding = 4; lastKnownFileType = sourcecode.c.h; path = CalculatorDetailViewController.h; sourceTree = "<group>"; };
		F54F67F71FDFB06800D78013 /* CalculatorDetailViewController.m */ = {isa = PBXFileReference; fileEncoding = 4; lastKnownFileType = sourcecode.c.objc; path = CalculatorDetailViewController.m; sourceTree = "<group>"; };
		F54F67FE1FDFB0E200D78013 /* CalculatorManager.h */ = {isa = PBXFileReference; lastKnownFileType = sourcecode.c.h; path = CalculatorManager.h; sourceTree = "<group>"; };
		F54F67FF1FDFB0E200D78013 /* CalculatorManager.m */ = {isa = PBXFileReference; lastKnownFileType = sourcecode.c.objc; path = CalculatorManager.m; sourceTree = "<group>"; };
		F54F68031FDFB32A00D78013 /* ShowAdManager.h */ = {isa = PBXFileReference; lastKnownFileType = sourcecode.c.h; path = ShowAdManager.h; sourceTree = "<group>"; };
		F54F68041FDFB32A00D78013 /* ShowAdManager.m */ = {isa = PBXFileReference; lastKnownFileType = sourcecode.c.objc; path = ShowAdManager.m; sourceTree = "<group>"; };
		F54F68061FE3AC5D00D78013 /* ShangYeViewController.h */ = {isa = PBXFileReference; lastKnownFileType = sourcecode.c.h; path = ShangYeViewController.h; sourceTree = "<group>"; };
		F54F68071FE3AC5D00D78013 /* ShangYeViewController.m */ = {isa = PBXFileReference; lastKnownFileType = sourcecode.c.objc; path = ShangYeViewController.m; sourceTree = "<group>"; };
		F54F68091FE3AFC600D78013 /* GongJiJinViewController.h */ = {isa = PBXFileReference; lastKnownFileType = sourcecode.c.h; path = GongJiJinViewController.h; sourceTree = "<group>"; };
		F54F680A1FE3AFC600D78013 /* GongJiJinViewController.m */ = {isa = PBXFileReference; lastKnownFileType = sourcecode.c.objc; path = GongJiJinViewController.m; sourceTree = "<group>"; };
		F54F680C1FE3AFD500D78013 /* ZuHeViewController.h */ = {isa = PBXFileReference; lastKnownFileType = sourcecode.c.h; path = ZuHeViewController.h; sourceTree = "<group>"; };
		F54F680D1FE3AFD500D78013 /* ZuHeViewController.m */ = {isa = PBXFileReference; lastKnownFileType = sourcecode.c.objc; path = ZuHeViewController.m; sourceTree = "<group>"; };
		F54F680F1FE3AFE300D78013 /* TiQianHuanDaiViewController.h */ = {isa = PBXFileReference; lastKnownFileType = sourcecode.c.h; path = TiQianHuanDaiViewController.h; sourceTree = "<group>"; };
		F54F68101FE3AFE300D78013 /* TiQianHuanDaiViewController.m */ = {isa = PBXFileReference; lastKnownFileType = sourcecode.c.objc; path = TiQianHuanDaiViewController.m; sourceTree = "<group>"; };
		F54F68131FE3D35000D78013 /* NSDate+format.h */ = {isa = PBXFileReference; lastKnownFileType = sourcecode.c.h; path = "NSDate+format.h"; sourceTree = "<group>"; };
		F54F68141FE3D35000D78013 /* NSDate+format.m */ = {isa = PBXFileReference; lastKnownFileType = sourcecode.c.objc; path = "NSDate+format.m"; sourceTree = "<group>"; };
		F54F68161FE3D67200D78013 /* SYListViewController+ActionSheet.h */ = {isa = PBXFileReference; lastKnownFileType = sourcecode.c.h; path = "SYListViewController+ActionSheet.h"; sourceTree = "<group>"; };
		F54F68171FE3D67200D78013 /* SYListViewController+ActionSheet.m */ = {isa = PBXFileReference; lastKnownFileType = sourcecode.c.objc; path = "SYListViewController+ActionSheet.m"; sourceTree = "<group>"; };
		F54F68191FE7702000D78013 /* lilvbiao.html */ = {isa = PBXFileReference; lastKnownFileType = text.html; path = lilvbiao.html; sourceTree = "<group>"; };
		F54F681E1FE77D9200D78013 /* LiLvBiaoViewController.h */ = {isa = PBXFileReference; lastKnownFileType = sourcecode.c.h; path = LiLvBiaoViewController.h; sourceTree = "<group>"; };
		F54F681F1FE77D9200D78013 /* LiLvBiaoViewController.m */ = {isa = PBXFileReference; lastKnownFileType = sourcecode.c.objc; path = LiLvBiaoViewController.m; sourceTree = "<group>"; };
		F54F682B1FE930B200D78013 /* ProgressHUD.h */ = {isa = PBXFileReference; lastKnownFileType = sourcecode.c.h; path = ProgressHUD.h; sourceTree = "<group>"; };
		F54F682C1FE930B200D78013 /* ProgressHUD.m */ = {isa = PBXFileReference; lastKnownFileType = sourcecode.c.objc; path = ProgressHUD.m; sourceTree = "<group>"; };
		F57F518020468ED800EE5C43 /* ShareManager.h */ = {isa = PBXFileReference; fileEncoding = 4; lastKnownFileType = sourcecode.c.h; path = ShareManager.h; sourceTree = "<group>"; };
		F57F518120468ED800EE5C43 /* ShareManager.m */ = {isa = PBXFileReference; fileEncoding = 4; lastKnownFileType = sourcecode.c.objc; path = ShareManager.m; sourceTree = "<group>"; };
		F5A4B2801FDCE3AF00D0BC37 /* SYListCell.h */ = {isa = PBXFileReference; lastKnownFileType = sourcecode.c.h; path = SYListCell.h; sourceTree = "<group>"; };
		F5A4B2811FDCE3AF00D0BC37 /* SYListCell.m */ = {isa = PBXFileReference; lastKnownFileType = sourcecode.c.objc; path = SYListCell.m; sourceTree = "<group>"; };
		F5A4B28E1FDCE9C100D0BC37 /* NSString+Size.h */ = {isa = PBXFileReference; lastKnownFileType = sourcecode.c.h; path = "NSString+Size.h"; sourceTree = "<group>"; };
		F5A4B28F1FDCE9C100D0BC37 /* NSString+Size.m */ = {isa = PBXFileReference; lastKnownFileType = sourcecode.c.objc; path = "NSString+Size.m"; sourceTree = "<group>"; };
		F5A4B2911FDCF24C00D0BC37 /* SYListViewController.h */ = {isa = PBXFileReference; lastKnownFileType = sourcecode.c.h; path = SYListViewController.h; sourceTree = "<group>"; };
		F5A4B2921FDCF24C00D0BC37 /* SYListViewController.m */ = {isa = PBXFileReference; lastKnownFileType = sourcecode.c.objc; path = SYListViewController.m; sourceTree = "<group>"; };
		F5A4B2931FDCF24C00D0BC37 /* ViewController.h */ = {isa = PBXFileReference; lastKnownFileType = sourcecode.c.h; path = ViewController.h; sourceTree = "<group>"; };
		F5A4B2941FDCF24C00D0BC37 /* ViewController.m */ = {isa = PBXFileReference; lastKnownFileType = sourcecode.c.objc; path = ViewController.m; sourceTree = "<group>"; };
		F5A4B2A31FDD112200D0BC37 /* MLTransitionAnimation.h */ = {isa = PBXFileReference; lastKnownFileType = sourcecode.c.h; path = MLTransitionAnimation.h; sourceTree = "<group>"; };
		F5A4B2A41FDD112200D0BC37 /* MLTransitionAnimation.m */ = {isa = PBXFileReference; lastKnownFileType = sourcecode.c.objc; path = MLTransitionAnimation.m; sourceTree = "<group>"; };
		F5A4B2A51FDD112200D0BC37 /* UIViewController+MLTransition.h */ = {isa = PBXFileReference; lastKnownFileType = sourcecode.c.h; path = "UIViewController+MLTransition.h"; sourceTree = "<group>"; };
		F5A4B2A61FDD112200D0BC37 /* UIViewController+MLTransition.m */ = {isa = PBXFileReference; lastKnownFileType = sourcecode.c.objc; path = "UIViewController+MLTransition.m"; sourceTree = "<group>"; };
		F5A4B2AB1FDD1AC100D0BC37 /* PayModel.h */ = {isa = PBXFileReference; lastKnownFileType = sourcecode.c.h; path = PayModel.h; sourceTree = "<group>"; };
		F5A4B2AC1FDD1AC100D0BC37 /* PayModel.m */ = {isa = PBXFileReference; lastKnownFileType = sourcecode.c.objc; path = PayModel.m; sourceTree = "<group>"; };
		F5A4B2AE1FDD1E4700D0BC37 /* ResultCell.h */ = {isa = PBXFileReference; lastKnownFileType = sourcecode.c.h; path = ResultCell.h; sourceTree = "<group>"; };
		F5A4B2AF1FDD1E4700D0BC37 /* ResultCell.m */ = {isa = PBXFileReference; lastKnownFileType = sourcecode.c.objc; path = ResultCell.m; sourceTree = "<group>"; };
		F5AB70021FFFCECC00A0B1C2 /* AboutUsViewController.h */ = {isa = PBXFileReference; lastKnownFileType = sourcecode.c.h; path = AboutUsViewController.h; sourceTree = "<group>"; };
		F5AB70031FFFCECC00A0B1C2 /* AboutUsViewController.m */ = {isa = PBXFileReference; lastKnownFileType = sourcecode.c.objc; path = AboutUsViewController.m; sourceTree = "<group>"; };
		F5B616F91FF66AE400EF36C4 /* zh-Hans */ = {isa = PBXFileReference; lastKnownFileType = text.plist.strings; name = "zh-Hans"; path = "zh-Hans.lproj/Localizable.strings"; sourceTree = "<group>"; };
		F5B616FB1FF66AED00EF36C4 /* en */ = {isa = PBXFileReference; lastKnownFileType = text.plist.strings; name = en; path = en.lproj/Localizable.strings; sourceTree = "<group>"; };
		F5B616FF1FF66CAB00EF36C4 /* en */ = {isa = PBXFileReference; lastKnownFileType = text.plist.strings; name = en; path = en.lproj/InfoPlist.strings; sourceTree = "<group>"; };
		F5B617011FF66CAC00EF36C4 /* zh-Hans */ = {isa = PBXFileReference; lastKnownFileType = text.plist.strings; name = "zh-Hans"; path = "zh-Hans.lproj/InfoPlist.strings"; sourceTree = "<group>"; };
		F5B617101FF678DA00EF36C4 /* Base */ = {isa = PBXFileReference; lastKnownFileType = file.storyboard; name = Base; path = Base.lproj/LaunchScreen_en.storyboard; sourceTree = "<group>"; };
		F5B617161FF67C3000EF36C4 /* LaunchScreen_ch.storyboard */ = {isa = PBXFileReference; lastKnownFileType = file.storyboard; path = LaunchScreen_ch.storyboard; sourceTree = "<group>"; };
		F5C520B31FD8ED51004C071A /* 房贷计算器.app */ = {isa = PBXFileReference; explicitFileType = wrapper.application; includeInIndex = 0; path = "房贷计算器.app"; sourceTree = BUILT_PRODUCTS_DIR; };
		F5C520B61FD8ED51004C071A /* AppDelegate.h */ = {isa = PBXFileReference; lastKnownFileType = sourcecode.c.h; path = AppDelegate.h; sourceTree = "<group>"; };
		F5C520B71FD8ED51004C071A /* AppDelegate.m */ = {isa = PBXFileReference; lastKnownFileType = sourcecode.c.objc; path = AppDelegate.m; sourceTree = "<group>"; };
		F5C520BF1FD8ED51004C071A /* Assets.xcassets */ = {isa = PBXFileReference; lastKnownFileType = folder.assetcatalog; path = Assets.xcassets; sourceTree = "<group>"; };
		F5F790B31FD97100006CEF69 /* Info.plist */ = {isa = PBXFileReference; lastKnownFileType = text.plist.xml; path = Info.plist; sourceTree = "<group>"; };
		F5F790B41FD97100006CEF69 /* main.m */ = {isa = PBXFileReference; lastKnownFileType = sourcecode.c.objc; path = main.m; sourceTree = "<group>"; };
		F5F790B71FD9712C006CEF69 /* SYDebugToolMacro.h */ = {isa = PBXFileReference; lastKnownFileType = sourcecode.c.h; path = SYDebugToolMacro.h; sourceTree = "<group>"; };
		F5F790B81FD9712C006CEF69 /* SystemMacro.h */ = {isa = PBXFileReference; lastKnownFileType = sourcecode.c.h; path = SystemMacro.h; sourceTree = "<group>"; };
		F5F790BE1FD971F4006CEF69 /* MortgageCalculator-Prefix.pch */ = {isa = PBXFileReference; fileEncoding = 4; lastKnownFileType = sourcecode.c.h; path = "MortgageCalculator-Prefix.pch"; sourceTree = "<group>"; };
		F5F790C11FD97A7D006CEF69 /* ThirdPartHeader.h */ = {isa = PBXFileReference; lastKnownFileType = sourcecode.c.h; path = ThirdPartHeader.h; sourceTree = "<group>"; };
		F5F790CA1FD98B17006CEF69 /* SYTabbedHeaderItem.h */ = {isa = PBXFileReference; lastKnownFileType = sourcecode.c.h; path = SYTabbedHeaderItem.h; sourceTree = "<group>"; };
		F5F790CB1FD98B17006CEF69 /* SYTabbedHeaderItem.m */ = {isa = PBXFileReference; lastKnownFileType = sourcecode.c.objc; path = SYTabbedHeaderItem.m; sourceTree = "<group>"; };
		F5F790CC1FD98B17006CEF69 /* SYTabbedHeaderView.h */ = {isa = PBXFileReference; lastKnownFileType = sourcecode.c.h; path = SYTabbedHeaderView.h; sourceTree = "<group>"; };
		F5F790CD1FD98B17006CEF69 /* SYTabbedHeaderView.m */ = {isa = PBXFileReference; lastKnownFileType = sourcecode.c.objc; path = SYTabbedHeaderView.m; sourceTree = "<group>"; };
		F5F790CE1FD98B17006CEF69 /* SYTabbedScrollView.h */ = {isa = PBXFileReference; lastKnownFileType = sourcecode.c.h; path = SYTabbedScrollView.h; sourceTree = "<group>"; };
		F5F790CF1FD98B17006CEF69 /* SYTabbedScrollView.m */ = {isa = PBXFileReference; lastKnownFileType = sourcecode.c.objc; path = SYTabbedScrollView.m; sourceTree = "<group>"; };
		F5F790D01FD98B17006CEF69 /* SYTabbedView.h */ = {isa = PBXFileReference; lastKnownFileType = sourcecode.c.h; path = SYTabbedView.h; sourceTree = "<group>"; };
		F5F790D11FD98B17006CEF69 /* SYTabbedView.m */ = {isa = PBXFileReference; lastKnownFileType = sourcecode.c.objc; path = SYTabbedView.m; sourceTree = "<group>"; };
		F5F790E21FD98EFB006CEF69 /* SYTopNaviBarView.m */ = {isa = PBXFileReference; fileEncoding = 4; lastKnownFileType = sourcecode.c.objc; path = SYTopNaviBarView.m; sourceTree = "<group>"; };
		F5F790E31FD98EFB006CEF69 /* SYTopNaviBarView.h */ = {isa = PBXFileReference; fileEncoding = 4; lastKnownFileType = sourcecode.c.h; path = SYTopNaviBarView.h; sourceTree = "<group>"; };
		F5F790E61FDA79DD006CEF69 /* CalculatorModel.h */ = {isa = PBXFileReference; lastKnownFileType = sourcecode.c.h; path = CalculatorModel.h; sourceTree = "<group>"; };
		F5F790E71FDA79DD006CEF69 /* CalculatorModel.m */ = {isa = PBXFileReference; lastKnownFileType = sourcecode.c.objc; path = CalculatorModel.m; sourceTree = "<group>"; };
/* End PBXFileReference section */

/* Begin PBXFrameworksBuildPhase section */
		F5C520B01FD8ED51004C071A /* Frameworks */ = {
			isa = PBXFrameworksBuildPhase;
			buildActionMask = 2147483647;
			files = (
				18B0A0A0FF75161FB40B6446 /* libPods-MortgageCalculator.a in Frameworks */,
			);
			runOnlyForDeploymentPostprocessing = 0;
		};
/* End PBXFrameworksBuildPhase section */

/* Begin PBXGroup section */
		23ECE84DA280191CB18C11AB /* Pods */ = {
			isa = PBXGroup;
			children = (
				B4C6217D5BA5897C895124C3 /* Pods-MortgageCalculator.debug.xcconfig */,
				986EA0910B31EBF1F60A2929 /* Pods-MortgageCalculator.release.xcconfig */,
			);
			name = Pods;
			sourceTree = "<group>";
		};
		297FE1F21FE4C232005A82FD /* FCPickerView */ = {
			isa = PBXGroup;
			children = (
				297FE1F31FE4C242005A82FD /* FCPickerView.h */,
				297FE1F41FE4C242005A82FD /* FCPickerView.m */,
				297FE1F61FE56FD6005A82FD /* FCDatePickerView.h */,
				297FE1F71FE56FD6005A82FD /* FCDatePickerView.m */,
			);
			path = FCPickerView;
			sourceTree = "<group>";
		};
		5DE4F09AAE329F867AEA3DE8 /* Frameworks */ = {
			isa = PBXGroup;
			children = (
				B79BA38692A8DFFDB30867CC /* libPods-MortgageCalculator.a */,
			);
			name = Frameworks;
			sourceTree = "<group>";
		};
		F529D3061FFFC98B0022562D /* ToolsBoxView */ = {
			isa = PBXGroup;
			children = (
				F529D3071FFFC98B0022562D /* Model */,
				F529D30C1FFFC98B0022562D /* View */,
			);
			path = ToolsBoxView;
			sourceTree = "<group>";
		};
		F529D3071FFFC98B0022562D /* Model */ = {
			isa = PBXGroup;
			children = (
				F529D3081FFFC98B0022562D /* SYPageModel.h */,
				F529D3091FFFC98B0022562D /* SYPageModel.m */,
				F529D30A1FFFC98B0022562D /* SYToolModel.h */,
				F529D30B1FFFC98B0022562D /* SYToolModel.m */,
			);
			path = Model;
			sourceTree = "<group>";
		};
		F529D30C1FFFC98B0022562D /* View */ = {
			isa = PBXGroup;
			children = (
				F529D30D1FFFC98B0022562D /* SYMoreOptionView.h */,
				F529D30E1FFFC98B0022562D /* SYMoreOptionView.m */,
				F529D30F1FFFC98B0022562D /* SYToolBoxView.h */,
				F529D3101FFFC98B0022562D /* SYToolBoxView.m */,
				F529D3111FFFC98B0022562D /* SYToolView.h */,
				F529D3121FFFC98B0022562D /* SYToolView.m */,
			);
			path = View;
			sourceTree = "<group>";
		};
		F54F67F51FDFB06800D78013 /* CalculatorDetail */ = {
			isa = PBXGroup;
			children = (
				F54F67F61FDFB06800D78013 /* CalculatorDetailViewController.h */,
				F54F67F71FDFB06800D78013 /* CalculatorDetailViewController.m */,
				297FE1EF1FE4B256005A82FD /* CalculatorDetailViewController+Custom.h */,
				297FE1F01FE4B256005A82FD /* CalculatorDetailViewController+Custom.m */,
			);
			path = CalculatorDetail;
			sourceTree = "<group>";
		};
		F54F67FC1FDFB0E200D78013 /* Manager */ = {
			isa = PBXGroup;
			children = (
				F57F517F20468ED800EE5C43 /* ShareManager */,
				F54F682A1FE930B200D78013 /* ProgressHUD */,
				F54F68021FDFB2FF00D78013 /* ShowAD */,
				F54F67FD1FDFB0E200D78013 /* CalculatorManager */,
			);
			path = Manager;
			sourceTree = "<group>";
		};
		F54F67FD1FDFB0E200D78013 /* CalculatorManager */ = {
			isa = PBXGroup;
			children = (
				F54F67FE1FDFB0E200D78013 /* CalculatorManager.h */,
				F54F67FF1FDFB0E200D78013 /* CalculatorManager.m */,
			);
			path = CalculatorManager;
			sourceTree = "<group>";
		};
		F54F68021FDFB2FF00D78013 /* ShowAD */ = {
			isa = PBXGroup;
			children = (
				F54F68031FDFB32A00D78013 /* ShowAdManager.h */,
				F54F68041FDFB32A00D78013 /* ShowAdManager.m */,
			);
			path = ShowAD;
			sourceTree = "<group>";
		};
		F54F68121FE3D32900D78013 /* NSDate */ = {
			isa = PBXGroup;
			children = (
				F54F68131FE3D35000D78013 /* NSDate+format.h */,
				F54F68141FE3D35000D78013 /* NSDate+format.m */,
			);
			path = NSDate;
			sourceTree = "<group>";
		};
		F54F681D1FE77D8A00D78013 /* LiLvBiao */ = {
			isa = PBXGroup;
			children = (
				F54F681E1FE77D9200D78013 /* LiLvBiaoViewController.h */,
				F54F681F1FE77D9200D78013 /* LiLvBiaoViewController.m */,
			);
			path = LiLvBiao;
			sourceTree = "<group>";
		};
		F54F682A1FE930B200D78013 /* ProgressHUD */ = {
			isa = PBXGroup;
			children = (
				F54F682B1FE930B200D78013 /* ProgressHUD.h */,
				F54F682C1FE930B200D78013 /* ProgressHUD.m */,
			);
			path = ProgressHUD;
			sourceTree = "<group>";
		};
		F57F517F20468ED800EE5C43 /* ShareManager */ = {
			isa = PBXGroup;
			children = (
				F57F518020468ED800EE5C43 /* ShareManager.h */,
				F57F518120468ED800EE5C43 /* ShareManager.m */,
			);
			name = ShareManager;
			path = "../../二维码/qrcode/Manager/ShareManager";
			sourceTree = "<group>";
		};
		F5A4B27F1FDCE3AF00D0BC37 /* View */ = {
			isa = PBXGroup;
			children = (
				F529D3061FFFC98B0022562D /* ToolsBoxView */,
				297FE1F21FE4C232005A82FD /* FCPickerView */,
				F5A4B2801FDCE3AF00D0BC37 /* SYListCell.h */,
				F5A4B2811FDCE3AF00D0BC37 /* SYListCell.m */,
				F5A4B2AE1FDD1E4700D0BC37 /* ResultCell.h */,
				F5A4B2AF1FDD1E4700D0BC37 /* ResultCell.m */,
			);
			path = View;
			sourceTree = "<group>";
		};
		F5A4B2821FDCE3FE00D0BC37 /* Controller */ = {
			isa = PBXGroup;
			children = (
				F5AB70011FFFCEA400A0B1C2 /* About */,
				F54F681D1FE77D8A00D78013 /* LiLvBiao */,
				F54F67F51FDFB06800D78013 /* CalculatorDetail */,
				F5A4B2901FDCF24C00D0BC37 /* Home */,
			);
			path = Controller;
			sourceTree = "<group>";
		};
		F5A4B28D1FDCE9A300D0BC37 /* Categroy */ = {
			isa = PBXGroup;
			children = (
				F54F68121FE3D32900D78013 /* NSDate */,
				F5A4B28E1FDCE9C100D0BC37 /* NSString+Size.h */,
				F5A4B28F1FDCE9C100D0BC37 /* NSString+Size.m */,
			);
			path = Categroy;
			sourceTree = "<group>";
		};
		F5A4B2901FDCF24C00D0BC37 /* Home */ = {
			isa = PBXGroup;
			children = (
				F5A4B2911FDCF24C00D0BC37 /* SYListViewController.h */,
				F5A4B2921FDCF24C00D0BC37 /* SYListViewController.m */,
				F54F68161FE3D67200D78013 /* SYListViewController+ActionSheet.h */,
				F54F68171FE3D67200D78013 /* SYListViewController+ActionSheet.m */,
				F54F68061FE3AC5D00D78013 /* ShangYeViewController.h */,
				F54F68071FE3AC5D00D78013 /* ShangYeViewController.m */,
				F54F68091FE3AFC600D78013 /* GongJiJinViewController.h */,
				F54F680A1FE3AFC600D78013 /* GongJiJinViewController.m */,
				F54F680C1FE3AFD500D78013 /* ZuHeViewController.h */,
				F54F680D1FE3AFD500D78013 /* ZuHeViewController.m */,
				F54F680F1FE3AFE300D78013 /* TiQianHuanDaiViewController.h */,
				F54F68101FE3AFE300D78013 /* TiQianHuanDaiViewController.m */,
				F5A4B2931FDCF24C00D0BC37 /* ViewController.h */,
				F5A4B2941FDCF24C00D0BC37 /* ViewController.m */,
			);
			path = Home;
			sourceTree = "<group>";
		};
		F5A4B29D1FDD10F600D0BC37 /* Libs */ = {
			isa = PBXGroup;
			children = (
				F5A4B2A21FDD112200D0BC37 /* MLTransition */,
			);
			path = Libs;
			sourceTree = "<group>";
		};
		F5A4B2A21FDD112200D0BC37 /* MLTransition */ = {
			isa = PBXGroup;
			children = (
				F5A4B2A31FDD112200D0BC37 /* MLTransitionAnimation.h */,
				F5A4B2A41FDD112200D0BC37 /* MLTransitionAnimation.m */,
				F5A4B2A51FDD112200D0BC37 /* UIViewController+MLTransition.h */,
				F5A4B2A61FDD112200D0BC37 /* UIViewController+MLTransition.m */,
			);
			path = MLTransition;
			sourceTree = "<group>";
		};
		F5AB70011FFFCEA400A0B1C2 /* About */ = {
			isa = PBXGroup;
			children = (
				F5AB70021FFFCECC00A0B1C2 /* AboutUsViewController.h */,
				F5AB70031FFFCECC00A0B1C2 /* AboutUsViewController.m */,
			);
			path = About;
			sourceTree = "<group>";
		};
		F5C520AA1FD8ED51004C071A = {
			isa = PBXGroup;
			children = (
				F5A4B28D1FDCE9A300D0BC37 /* Categroy */,
				F5A4B2821FDCE3FE00D0BC37 /* Controller */,
				F5A4B27F1FDCE3AF00D0BC37 /* View */,
				F5F790E51FDA79B9006CEF69 /* Model */,
				F5A4B29D1FDD10F600D0BC37 /* Libs */,
				F5F790E11FD98ED0006CEF69 /* common */,
				F5F790C91FD98B17006CEF69 /* SYTabbed */,
				F5F790B61FD9712C006CEF69 /* header */,
				F54F67FC1FDFB0E200D78013 /* Manager */,
				F5C520B51FD8ED51004C071A /* MortgageCalculator */,
				F5C520B41FD8ED51004C071A /* Products */,
				23ECE84DA280191CB18C11AB /* Pods */,
				5DE4F09AAE329F867AEA3DE8 /* Frameworks */,
			);
			sourceTree = "<group>";
		};
		F5C520B41FD8ED51004C071A /* Products */ = {
			isa = PBXGroup;
			children = (
				F5C520B31FD8ED51004C071A /* 房贷计算器.app */,
			);
			name = Products;
			sourceTree = "<group>";
		};
		F5C520B51FD8ED51004C071A /* MortgageCalculator */ = {
			isa = PBXGroup;
			children = (
				F5C520B61FD8ED51004C071A /* AppDelegate.h */,
				F5C520B71FD8ED51004C071A /* AppDelegate.m */,
				F5F790BE1FD971F4006CEF69 /* MortgageCalculator-Prefix.pch */,
				F54F68191FE7702000D78013 /* lilvbiao.html */,
				F5C520BF1FD8ED51004C071A /* Assets.xcassets */,
				F5F790B31FD97100006CEF69 /* Info.plist */,
				F5B617111FF678DA00EF36C4 /* LaunchScreen_en.storyboard */,
				F5B617161FF67C3000EF36C4 /* LaunchScreen_ch.storyboard */,
				F5B617001FF66CAB00EF36C4 /* InfoPlist.strings */,
				F5B616FA1FF66AE400EF36C4 /* Localizable.strings */,
				F5F790B41FD97100006CEF69 /* main.m */,
			);
			path = MortgageCalculator;
			sourceTree = "<group>";
		};
		F5F790B61FD9712C006CEF69 /* header */ = {
			isa = PBXGroup;
			children = (
				F5F790B71FD9712C006CEF69 /* SYDebugToolMacro.h */,
				F5F790B81FD9712C006CEF69 /* SystemMacro.h */,
				F5F790C11FD97A7D006CEF69 /* ThirdPartHeader.h */,
			);
			path = header;
			sourceTree = "<group>";
		};
		F5F790C91FD98B17006CEF69 /* SYTabbed */ = {
			isa = PBXGroup;
			children = (
				F5F790CA1FD98B17006CEF69 /* SYTabbedHeaderItem.h */,
				F5F790CB1FD98B17006CEF69 /* SYTabbedHeaderItem.m */,
				F5F790CC1FD98B17006CEF69 /* SYTabbedHeaderView.h */,
				F5F790CD1FD98B17006CEF69 /* SYTabbedHeaderView.m */,
				F5F790CE1FD98B17006CEF69 /* SYTabbedScrollView.h */,
				F5F790CF1FD98B17006CEF69 /* SYTabbedScrollView.m */,
				F5F790D01FD98B17006CEF69 /* SYTabbedView.h */,
				F5F790D11FD98B17006CEF69 /* SYTabbedView.m */,
			);
			path = SYTabbed;
			sourceTree = "<group>";
		};
		F5F790E11FD98ED0006CEF69 /* common */ = {
			isa = PBXGroup;
			children = (
				F54F67F11FDF9C2500D78013 /* UIFont+ChangeFont.h */,
				F54F67F21FDF9C2500D78013 /* UIFont+ChangeFont.m */,
				F5F790E31FD98EFB006CEF69 /* SYTopNaviBarView.h */,
				F5F790E21FD98EFB006CEF69 /* SYTopNaviBarView.m */,
			);
			path = common;
			sourceTree = "<group>";
		};
		F5F790E51FDA79B9006CEF69 /* Model */ = {
			isa = PBXGroup;
			children = (
				F5F790E61FDA79DD006CEF69 /* CalculatorModel.h */,
				F5F790E71FDA79DD006CEF69 /* CalculatorModel.m */,
				F5A4B2AB1FDD1AC100D0BC37 /* PayModel.h */,
				F5A4B2AC1FDD1AC100D0BC37 /* PayModel.m */,
				F54F67EE1FDF7C2600D78013 /* CalculatorResultModel.h */,
				F54F67EF1FDF7C2600D78013 /* CalculatorResultModel.m */,
			);
			path = Model;
			sourceTree = "<group>";
		};
/* End PBXGroup section */

/* Begin PBXNativeTarget section */
		F5C520B21FD8ED51004C071A /* MortgageCalculator */ = {
			isa = PBXNativeTarget;
			buildConfigurationList = F5C520C91FD8ED51004C071A /* Build configuration list for PBXNativeTarget "MortgageCalculator" */;
			buildPhases = (
				DF9428D458697A98FE35CD5E /* [CP] Check Pods Manifest.lock */,
				F5C520AF1FD8ED51004C071A /* Sources */,
				F5C520B01FD8ED51004C071A /* Frameworks */,
				F5C520B11FD8ED51004C071A /* Resources */,
				A75569071FF30BC907BEA491 /* [CP] Embed Pods Frameworks */,
				9BF031293771BA487B4AEA89 /* [CP] Copy Pods Resources */,
				F57F51B7204F91FE00EE5C43 /* ShellScript */,
			);
			buildRules = (
			);
			dependencies = (
			);
			name = MortgageCalculator;
			productName = MortgageCalculator;
			productReference = F5C520B31FD8ED51004C071A /* 房贷计算器.app */;
			productType = "com.apple.product-type.application";
		};
/* End PBXNativeTarget section */

/* Begin PBXProject section */
		F5C520AB1FD8ED51004C071A /* Project object */ = {
			isa = PBXProject;
			attributes = {
				LastUpgradeCheck = 0900;
				ORGANIZATIONNAME = yangshaohua;
				TargetAttributes = {
					F5C520B21FD8ED51004C071A = {
						CreatedOnToolsVersion = 9.0;
						ProvisioningStyle = Automatic;
					};
				};
			};
			buildConfigurationList = F5C520AE1FD8ED51004C071A /* Build configuration list for PBXProject "MortgageCalculator" */;
			compatibilityVersion = "Xcode 8.0";
			developmentRegion = en;
			hasScannedForEncodings = 0;
			knownRegions = (
				Base,
				"zh-Hans",
				en,
			);
			mainGroup = F5C520AA1FD8ED51004C071A;
			productRefGroup = F5C520B41FD8ED51004C071A /* Products */;
			projectDirPath = "";
			projectRoot = "";
			targets = (
				F5C520B21FD8ED51004C071A /* MortgageCalculator */,
			);
		};
/* End PBXProject section */

/* Begin PBXResourcesBuildPhase section */
		F5C520B11FD8ED51004C071A /* Resources */ = {
			isa = PBXResourcesBuildPhase;
			buildActionMask = 2147483647;
			files = (
				F5B616F81FF66AE400EF36C4 /* Localizable.strings in Resources */,
				F54F682E1FE930C600D78013 /* ProgressHUD.h in Resources */,
				F54F68211FE77FB500D78013 /* lilvbiao.html in Resources */,
				F54F68011FDFB0F100D78013 /* CalculatorManager.h in Resources */,
				F5A4B2A91FDD12C200D0BC37 /* MLTransitionAnimation.h in Resources */,
				F5A4B2AA1FDD12C200D0BC37 /* UIViewController+MLTransition.h in Resources */,
				F5B617171FF67C3000EF36C4 /* LaunchScreen_ch.storyboard in Resources */,
				F5A4B2971FDCF26600D0BC37 /* SYListViewController.h in Resources */,
				F5B616FE1FF66CAB00EF36C4 /* InfoPlist.strings in Resources */,
				F5A4B2981FDCF26600D0BC37 /* ViewController.h in Resources */,
				F5A4B28C1FDCE5D400D0BC37 /* SYListCell.h in Resources */,
				F5F790D61FD98BB4006CEF69 /* SYTabbedHeaderItem.h in Resources */,
				F5F790D71FD98BB4006CEF69 /* SYTabbedHeaderView.h in Resources */,
				F5B6170F1FF678DA00EF36C4 /* LaunchScreen_en.storyboard in Resources */,
				F5F790D81FD98BB4006CEF69 /* SYTabbedScrollView.h in Resources */,
				F5F790D91FD98BB4006CEF69 /* SYTabbedView.h in Resources */,
				F5F790BA1FD9716D006CEF69 /* SYDebugToolMacro.h in Resources */,
				F5F790BB1FD9716D006CEF69 /* SystemMacro.h in Resources */,
				F5C520C01FD8ED51004C071A /* Assets.xcassets in Resources */,
			);
			runOnlyForDeploymentPostprocessing = 0;
		};
/* End PBXResourcesBuildPhase section */

/* Begin PBXShellScriptBuildPhase section */
		9BF031293771BA487B4AEA89 /* [CP] Copy Pods Resources */ = {
			isa = PBXShellScriptBuildPhase;
			buildActionMask = 2147483647;
			files = (
			);
			inputPaths = (
				"${SRCROOT}/Pods/Target Support Files/Pods-MortgageCalculator/Pods-MortgageCalculator-resources.sh",
				"${PODS_ROOT}/IQKeyboardManager/IQKeyBoardManager/Resources/IQKeyboardManager.bundle",
			);
			name = "[CP] Copy Pods Resources";
			outputPaths = (
				"${TARGET_BUILD_DIR}/${UNLOCALIZED_RESOURCES_FOLDER_PATH}",
			);
			runOnlyForDeploymentPostprocessing = 0;
			shellPath = /bin/sh;
			shellScript = "\"${SRCROOT}/Pods/Target Support Files/Pods-MortgageCalculator/Pods-MortgageCalculator-resources.sh\"\n";
			showEnvVarsInLog = 0;
		};
		A75569071FF30BC907BEA491 /* [CP] Embed Pods Frameworks */ = {
			isa = PBXShellScriptBuildPhase;
			buildActionMask = 2147483647;
			files = (
			);
			inputPaths = (
			);
			name = "[CP] Embed Pods Frameworks";
			outputPaths = (
			);
			runOnlyForDeploymentPostprocessing = 0;
			shellPath = /bin/sh;
			shellScript = "\"${SRCROOT}/Pods/Target Support Files/Pods-MortgageCalculator/Pods-MortgageCalculator-frameworks.sh\"\n";
			showEnvVarsInLog = 0;
		};
		DF9428D458697A98FE35CD5E /* [CP] Check Pods Manifest.lock */ = {
			isa = PBXShellScriptBuildPhase;
			buildActionMask = 2147483647;
			files = (
			);
			inputPaths = (
				"${PODS_PODFILE_DIR_PATH}/Podfile.lock",
				"${PODS_ROOT}/Manifest.lock",
			);
			name = "[CP] Check Pods Manifest.lock";
			outputPaths = (
				"$(DERIVED_FILE_DIR)/Pods-MortgageCalculator-checkManifestLockResult.txt",
			);
			runOnlyForDeploymentPostprocessing = 0;
			shellPath = /bin/sh;
			shellScript = "diff \"${PODS_PODFILE_DIR_PATH}/Podfile.lock\" \"${PODS_ROOT}/Manifest.lock\" > /dev/null\nif [ $? != 0 ] ; then\n    # print error to STDERR\n    echo \"error: The sandbox is not in sync with the Podfile.lock. Run 'pod install' or update your CocoaPods installation.\" >&2\n    exit 1\nfi\n# This output is used by Xcode 'outputs' to avoid re-running this script phase.\necho \"SUCCESS\" > \"${SCRIPT_OUTPUT_FILE_0}\"\n";
			showEnvVarsInLog = 0;
		};
		F57F51B7204F91FE00EE5C43 /* ShellScript */ = {
			isa = PBXShellScriptBuildPhase;
			buildActionMask = 2147483647;
			files = (
			);
			inputPaths = (
			);
			outputPaths = (
			);
			runOnlyForDeploymentPostprocessing = 0;
			shellPath = /bin/sh;
			shellScript = "#!/bin/sh\n# Copyright 2014-2016 Bugly, Tencent. All rights reserved.\n#\n# V1.2.1\n#\n# 2016.03.02\n#\n#\n################################################################################\n# # 注意: 请配置下面的信息\n################################################################################\nBUGLY_APP_ID=\"26204daf85\"\nBUGLY_APP_KEY=\"3a05dbcc-40f0-48d0-9518-aca2d803d2a1\"\nBUNDLE_IDENTIFIER=\"com.yaoyao.MortgageCalculator\"\n################################################################################\n# # 自定义配置\n################################################################################\n# # Debug模式编译是否上传，1＝上传 0＝不上传，默认不上传\n#UPLOAD_DEBUG_SYMBOLS=0\n#\n# # 模拟器编译是否上传，1=上传 0=不上传，默认不上传\nUPLOAD_SIMULATOR_SYMBOLS=1\n#\n# #只有Archive操作时上传, 1=支持Archive上传 0=所有Release模式编译都上传\nUPLOAD_ARCHIVE_ONLY=0\n#\n# # 脚本默认配置的版本格式为CFBundleShortVersionString(CFBundleVersion),  如果你修改默认的版本格式, 请设置此变量, 如果不想修改, 请忽略此设置\n# CUSTOMIZED_APP_VERSION=\"\"\n#\n#\n#\n# This script will extract symbols from the .dSYM and generate .symbol file(Bugly supported) and upload to server.\n# You could visit http://bugly.qq.com to get more details about Bugly.(Optional: buylyweb.et.wsd.com)\n#\n# Usage:\n#   * The instructions assume you have copyed this script into your project int Xcode.\n#   * Copy the \"buglySymbolIOS.jar\" file into the \"~/bin\" folder.\n#   * Open the project editor, select your build target.\n#   * Click \"Build Phases\" at the top of the project editor.\n#   * Click \"+\" button in the top left corner and select \"New Run Script Phase\".\n#   * Click \"Run Script\".\n#   * Paste the following script into the dark text box. You will have to uncomment the lines (remove the #) of course.\n#\n# --- SCRIPT BEGINS ON NEXT LINE, COPY AND EDIT FROM THERE ---\n#\n#\n#\n# --- END OF SCRIPT ---\n\n\n################################################################################\n# 注意: 如果你不知道此脚本的执行流程和用法，请不要随便修改！\n################################################################################\n\n# 退出执行并打印提示信息\nexitWithMessage() {\n    echo \"--------------------------------\"\n    echo -e \"${1}\"\n    echo \"--------------------------------\"\n    echo \"No upload and exit.\"\n    echo \"----------------------------------------------------------------\"\n    exit ${2}\n}\n\necho \"----------------------------------------------------------------\"\necho \"Copyright 2014-2015 Bugly @Tencent. All rights reserved.\"\n\necho \"This script will extract symbols from the .dSYM file and generate .symbol file(Bugly supported) and upload to server.\"\necho \"You could visit http://bugly.qq.com to get more details about Bugly.\"\necho \"----------------------------------------------------------------\"\n\necho \"Uploading dSYM to Bugly.\"\necho \"\"\n\n# Bugly服务域名\nDSYM_UPLOAD_DOMAIN=\"bugly.qq.com\"\n\n# 读取Info.plist文件中的版本信息\necho \"Info.Plist : ${INFOPLIST_FILE}\"\n\nBUNDLE_VERSION=$(/usr/libexec/PlistBuddy -c 'Print CFBundleVersion' \"${INFOPLIST_FILE}\")\nBUNDLE_SHORT_VERSION=$(/usr/libexec/PlistBuddy -c 'Print CFBundleShortVersionString' \"${INFOPLIST_FILE}\")\n\n# 组装Bugly默认识别的版本信息(格式为CFBundleShortVersionString(CFBundleVersion), 例如: 1.0(1))\nif [ ! \"${CUSTOMIZED_APP_VERSION}\" ]; then\nBUGLY_APP_VERSION=\"${BUNDLE_SHORT_VERSION}(${BUNDLE_VERSION})\"\nelse\nBUGLY_APP_VERSION=\"${CUSTOMIZED_APP_VERSION}\"\nfi\n\n# Bugly符号提取工具路径, 请确保buglySymboliOS.jar的路径是正确的\nBUGLY_SYMBOL_JAR_PATH=\"${SRCROOT}/dsymtool/buglySymboliOS.jar\"\nif [ ! -f \"${BUGLY_SYMBOL_JAR_PATH}\" ]; then\nBUGLY_SYMBOL_JAR_PATH=\"${SRCROOT}/packshell/buglySymboliOS.jar\"\nfi\n\necho \"--------------------------------\"\necho \"Step 1: Prepare application information.\"\necho \"--------------------------------\"\n\necho \"Product Name: ${PRODUCT_NAME}\"\necho \"Bundle Identifier: ${BUNDLE_IDENTIFIER}\"\necho \"Version: ${BUNDLE_SHORT_VERSION}\"\necho \"Build: ${BUNDLE_VERSION}\"\n\necho \"Bugly App ID: ${BUGLY_APP_ID}\"\necho \"Bugly App key: ${BUGLY_APP_KEY}\"\necho \"Bugly App Version: ${BUGLY_APP_VERSION}\"\n\necho \"--------------------------------\"\necho \"Step 2: Check the arguments ...\"\n\n##检查模拟器编译是否允许上传符号\nif [ \"$EFFECTIVE_PLATFORM_NAME\" == \"-iphonesimulator\" ]; then\nif [ $UPLOAD_SIMULATOR_SYMBOLS -eq 0 ]; then\nexitWithMessage \"Warning: Build for simulator and skipping to upload. \\nYou can modify 'UPLOAD_SIMULATOR_SYMBOLS' to 1 in the script.\" 0\nfi\nfi\n\n##检查是否是Release模式编译\nif [ \"${CONFIGURATION=}\" == \"Debug\" ]; then\nif [ $UPLOAD_DEBUG_SYMBOLS -eq 0 ]; then\nexitWithMessage \"Warning: Build for debug mode and skipping to upload. \\nYou can modify 'UPLOAD_DEBUG_SYMBOLS' to 1 in the script.\" 0\nfi\nfi\n\n##检查是否Archive操作\nif [ $UPLOAD_ARCHIVE_ONLY -eq 1 ]; then\nif [[ \"$TARGET_BUILD_DIR\" == *\"/Archive\"* ]]; then\necho \"Archive the package\"\nelse\nexitWithMessage \"Warning: Build for NOT Archive mode and skipping to upload. \\nYou can modify 'UPLOAD_ARCHIVE_ONLY' to 0 in the script.\" 0\nfi\nfi\n\n# 检查必须参数是否设置\nif [ ! \"${BUGLY_APP_ID}\" ]; then\nexitWithMessage \"Error: Bugly App ID not defined. Please set 'BUGLY_APP_ID' \" 0\nfi\nif [[ \"${BUGLY_APP_ID}\" == *\"App ID\"* ]]; then\nexitWithMessage \"Error: Bugly App ID not defined.\" 0\nfi\n\nif [ ! \"${BUGLY_APP_KEY}\" ]; then\nexitWithMessage \"Error: Bugly APP Key not defined.\" 0\nfi\n\nif [ ! \"${BUNDLE_IDENTIFIER}\" ]; then\nexitWithMessage \"Error: Bundle Identifier not defined.\" 0\nfi\n\nfunction uploadDSYM {\n    DSYM_SRC=\"$1\"\n    echo \".dSYM file: ${DSYM_SRC}\"\n    if [ ! -d \"$DSYM_SRC\" ]; then\n    exitWithMessage \"dSYM source not found: ${DSYM_SRC}\" 0\n    fi\n    DSYM_FILE_NAME=${DSYM_SRC##*/}\n        DSYM_SYMBOL_OUT_ZIP_NAME=\"${DSYM_FILE_NAME}.bSymbol.zip\"\n        # 替换空格\n        DSYM_SYMBOL_OUT_ZIP_NAME=\"${DSYM_SYMBOL_OUT_ZIP_NAME// /_}\"\n        \n        # 声明符号表临时目录和备份目录\n        DSYM_ZIP_OUT_DIR=${BUILD_DIR}/BuglySymbolsTemp\n        DSYM_SYMBOL_BACKUP_DIR=${BUILD_DIR}/BuglySymbolsBackup\n        \n        if [ ! -e \"${DSYM_ZIP_OUT_DIR}\" ]; then\n        mkdir ${DSYM_ZIP_OUT_DIR}\n        fi\n        \n        if [ ! -e \"${DSYM_SYMBOL_BACKUP_DIR}\" ]; then\n        mkdir ${DSYM_SYMBOL_BACKUP_DIR}\n        fi\n        \n        # 备份并清理\n        find ${DSYM_ZIP_OUT_DIR} -name \"*.bSymbol.zip\" -print0 | xargs -0 -I {} mv {} ${DSYM_SYMBOL_BACKUP_DIR}\n        /bin/rm -rf \"${DSYM_ZIP_OUT_DIR}/*.bSymbol.zip\"\n        \n        DSYM_ZIP_FPATH=\"${DSYM_ZIP_OUT_DIR}/${DSYM_SYMBOL_OUT_ZIP_NAME}\"\n        \n        # 提取符号信息\n        echo \"--------------------------------\"\n        echo \"Step 3: Extract symbol info from .dSYM file. to ${DSYM_ZIP_FPATH}\"\n        \n        if [ ! -f \"$BUGLY_SYMBOL_JAR_PATH\" ]; then\n        exitWithMessage \"Error: Jar file '${BUGLY_SYMBOL_JAR_PATH}' was not found. \\nPlease copy the jar file into ~/bin folder.\" 1\n        fi\n        \n        echo \"--------------------------------\"\n        (/usr/bin/java -jar \"${BUGLY_SYMBOL_JAR_PATH}\" -i \"${DSYM_SRC}\" -o \"${DSYM_ZIP_FPATH}\" ) || exitWithMessage \"Error: Failed to extract symbols.\" 1\n        echo \"--------------------------------\"\n        \n        if [ ! -e \"${DSYM_ZIP_FPATH}\" ]; then\n        DSYM_SYMBOL_OUT_ZIP_NAME=$(ls ${DSYM_ZIP_OUT_DIR} | grep \".bSymbol.zip\")\n        DSYM_ZIP_FPATH=\"${DSYM_ZIP_OUT_DIR}/${DSYM_SYMBOL_OUT_ZIP_NAME}\"\n        DSYM_SYMBOL_OUT_ZIP_NAME=${DSYM_SYMBOL_OUT_ZIP_NAME//&/_}\n            fi\n            \n            if [ ! -e \"${DSYM_ZIP_FPATH}\" ] ; then\n            exitWithMessage \"no symbol file zip archive generated: ${DSYM_ZIP_FPATH}\" 0\n            fi\n            \n            echo \"Step 4: Upload the symbols of dSYM.\"\n            echo \"--------------------------------\"\n            echo \"zip : ${DSYM_SYMBOL_OUT_ZIP_NAME}\"\n            echo \"dir : ${DSYM_ZIP_FPATH}\"\n            \n            echo \"dSYM upload domain: ${DSYM_UPLOAD_DOMAIN}\"\n            DSYM_UPLOAD_URL=\"http://${DSYM_UPLOAD_DOMAIN}/upload/dsym?app=${BUGLY_APP_ID}&pid=2&ver=${BUGLY_APP_VERSION}&n=${DSYM_SYMBOL_OUT_ZIP_NAME}&key=${BUGLY_APP_KEY}&bid=${BUNDLE_IDENTIFIER}\"\n            echo \"dSYM upload url: ${DSYM_UPLOAD_URL}\"\n            \n            # Upload dSYM to Bugly\n            echo \"curl --header \"Content-Type:application/zip\" --data-binary \"@${DSYM_ZIP_FPATH}\" \"${DSYM_UPLOAD_URL}\" --verbose\"\n            \n            echo \"--------------------------------\"\n            STATUS=$(/usr/bin/curl --header \"Content-Type:application/zip\" --data-binary \"@${DSYM_ZIP_FPATH}\" \"${DSYM_UPLOAD_URL}\" --verbose)\n            echo \"--------------------------------\"\n            \n            UPLOAD_RESULT=\"FAILTURE\"\n            echo \"Bugly server response: ${STATUS}\"\n            if [ ! \"${STATUS}\" ]; then\n            echo \"Error: Failed to upload the zip archive file.\"\n            elif [[ \"${STATUS}\" == *\":true\"* ]]; then\n            echo \"Success to upload the dSYM for the app [${BUNDLE_IDENTIFIER} ${BUGLY_APP_VERSION}]\"\n            UPLOAD_RESULT=\"SUCCESS\"\n            else\n            echo \"Error: Failed to upload the zip archive file to Bugly.\"\n            fi\n            \n            #Remove temp dSYM archive\n            echo \"Remove temporary zip archive: ${DSYM_ZIP_FPATH}\"\n            #/bin/rm -f \"${DSYM_ZIP_FPATH}\"\n            \n            if [ \"$?\" -ne 0 ]; then\n            exitWithMessage \"Error: Failed to remove temporary zip archive.\" 0\n            fi\n            \n            echo \"--------------------------------\"\n            echo \"${UPLOAD_RESULT} - dSYM upload complete.\"\n            \n            if [[ \"${UPLOAD_RESULT}\" == \"FAILTURE\" ]]; then\n            echo \"--------------------------------\"\n            echo \"Failed to upload the dSYM\"\n            echo \"Please check the script and try it again.\"\n            fi\n            \n            echo \"----------------------------------------------------------------\"\n        }\n        \n        # .dSYM文件信息\n        \n        DSYM_FOLDER=\"${DWARF_DSYM_FOLDER_PATH}\"\n        IFS=$'\\n'\n        \n        echo \"Scaning dSYM FOLDER: ${DSYM_FOLDER} ...\"\n        RET=\"F\"\n        \n        for dsymFile in $(find \"$DSYM_FOLDER\" -name '*.dSYM'); do\n        RET=\"T\"\n        echo \"Found dSYM file: $dsymFile\"\n        uploadDSYM $dsymFile\n        done\n        \n        if [ $RET = \"F\" ]; then\n        exitWithMessage \"No .dSYM found in ${DSYM_FOLDER}\" 0\n        fi\n";
		};
/* End PBXShellScriptBuildPhase section */

/* Begin PBXSourcesBuildPhase section */
		F5C520AF1FD8ED51004C071A /* Sources */ = {
			isa = PBXSourcesBuildPhase;
			buildActionMask = 2147483647;
			files = (
				F54F682D1FE930BE00D78013 /* ProgressHUD.m in Sources */,
				F54F68001FDFB0E800D78013 /* CalculatorManager.m in Sources */,
				F529D3131FFFC98B0022562D /* SYPageModel.m in Sources */,
				F57F518220468ED800EE5C43 /* ShareManager.m in Sources */,
				F5A4B2AD1FDD1AC100D0BC37 /* PayModel.m in Sources */,
				F5A4B2A71FDD12BA00D0BC37 /* MLTransitionAnimation.m in Sources */,
				F5A4B2A81FDD12BA00D0BC37 /* UIViewController+MLTransition.m in Sources */,
				F5A4B2951FDCF26000D0BC37 /* SYListViewController.m in Sources */,
				297FE1F11FE4B256005A82FD /* CalculatorDetailViewController+Custom.m in Sources */,
				F5A4B2961FDCF26000D0BC37 /* ViewController.m in Sources */,
				F5A4B28B1FDCE5CE00D0BC37 /* SYListCell.m in Sources */,
				F54F68111FE3AFE300D78013 /* TiQianHuanDaiViewController.m in Sources */,
				F529D3141FFFC98B0022562D /* SYToolModel.m in Sources */,
				F529D3151FFFC98B0022562D /* SYMoreOptionView.m in Sources */,
				F5F790E41FD98EFB006CEF69 /* SYTopNaviBarView.m in Sources */,
				F5F790D21FD98BA9006CEF69 /* SYTabbedHeaderItem.m in Sources */,
				F54F68181FE3D67200D78013 /* SYListViewController+ActionSheet.m in Sources */,
				F5F790D31FD98BA9006CEF69 /* SYTabbedHeaderView.m in Sources */,
				297FE1F81FE56FD6005A82FD /* FCDatePickerView.m in Sources */,
				F529D3161FFFC98B0022562D /* SYToolBoxView.m in Sources */,
				F54F680B1FE3AFC600D78013 /* GongJiJinViewController.m in Sources */,
				F5AB70041FFFCECC00A0B1C2 /* AboutUsViewController.m in Sources */,
				F54F67F81FDFB06800D78013 /* CalculatorDetailViewController.m in Sources */,
				F54F68081FE3AC5D00D78013 /* ShangYeViewController.m in Sources */,
				F5F790D41FD98BA9006CEF69 /* SYTabbedScrollView.m in Sources */,
				F54F67F01FDF7C2600D78013 /* CalculatorResultModel.m in Sources */,
				F54F67F31FDF9C2500D78013 /* UIFont+ChangeFont.m in Sources */,
				F5F790D51FD98BA9006CEF69 /* SYTabbedView.m in Sources */,
				F5F790E81FDA79DD006CEF69 /* CalculatorModel.m in Sources */,
				F54F680E1FE3AFD500D78013 /* ZuHeViewController.m in Sources */,
				F529D3171FFFC98B0022562D /* SYToolView.m in Sources */,
				F54F68151FE3D35000D78013 /* NSDate+format.m in Sources */,
				297FE1F51FE4C242005A82FD /* FCPickerView.m in Sources */,
				F5F790BF1FD97224006CEF69 /* main.m in Sources */,
				F54F68201FE77D9200D78013 /* LiLvBiaoViewController.m in Sources */,
				F5A4B2B01FDD1E4700D0BC37 /* ResultCell.m in Sources */,
				F5C520B81FD8ED51004C071A /* AppDelegate.m in Sources */,
				F54F68051FDFB32A00D78013 /* ShowAdManager.m in Sources */,
			);
			runOnlyForDeploymentPostprocessing = 0;
		};
/* End PBXSourcesBuildPhase section */

/* Begin PBXVariantGroup section */
		F5B616FA1FF66AE400EF36C4 /* Localizable.strings */ = {
			isa = PBXVariantGroup;
			children = (
				F5B616F91FF66AE400EF36C4 /* zh-Hans */,
				F5B616FB1FF66AED00EF36C4 /* en */,
			);
			name = Localizable.strings;
			sourceTree = "<group>";
		};
		F5B617001FF66CAB00EF36C4 /* InfoPlist.strings */ = {
			isa = PBXVariantGroup;
			children = (
				F5B616FF1FF66CAB00EF36C4 /* en */,
				F5B617011FF66CAC00EF36C4 /* zh-Hans */,
			);
			name = InfoPlist.strings;
			sourceTree = "<group>";
		};
		F5B617111FF678DA00EF36C4 /* LaunchScreen_en.storyboard */ = {
			isa = PBXVariantGroup;
			children = (
				F5B617101FF678DA00EF36C4 /* Base */,
			);
			name = LaunchScreen_en.storyboard;
			sourceTree = "<group>";
		};
/* End PBXVariantGroup section */

/* Begin XCBuildConfiguration section */
		F5C520C71FD8ED51004C071A /* Debug */ = {
			isa = XCBuildConfiguration;
			buildSettings = {
				ALWAYS_SEARCH_USER_PATHS = NO;
				CLANG_ANALYZER_LOCALIZABILITY_NONLOCALIZED = YES;
				CLANG_ANALYZER_NONNULL = YES;
				CLANG_ANALYZER_NUMBER_OBJECT_CONVERSION = YES_AGGRESSIVE;
				CLANG_CXX_LANGUAGE_STANDARD = "gnu++14";
				CLANG_CXX_LIBRARY = "libc++";
				CLANG_ENABLE_MODULES = YES;
				CLANG_ENABLE_OBJC_ARC = YES;
				CLANG_WARN_BLOCK_CAPTURE_AUTORELEASING = YES;
				CLANG_WARN_BOOL_CONVERSION = YES;
				CLANG_WARN_COMMA = YES;
				CLANG_WARN_CONSTANT_CONVERSION = YES;
				CLANG_WARN_DIRECT_OBJC_ISA_USAGE = YES_ERROR;
				CLANG_WARN_DOCUMENTATION_COMMENTS = YES;
				CLANG_WARN_EMPTY_BODY = YES;
				CLANG_WARN_ENUM_CONVERSION = YES;
				CLANG_WARN_INFINITE_RECURSION = YES;
				CLANG_WARN_INT_CONVERSION = YES;
				CLANG_WARN_NON_LITERAL_NULL_CONVERSION = YES;
				CLANG_WARN_OBJC_LITERAL_CONVERSION = YES;
				CLANG_WARN_OBJC_ROOT_CLASS = YES_ERROR;
				CLANG_WARN_RANGE_LOOP_ANALYSIS = YES;
				CLANG_WARN_STRICT_PROTOTYPES = YES;
				CLANG_WARN_SUSPICIOUS_MOVE = YES;
				CLANG_WARN_UNGUARDED_AVAILABILITY = YES_AGGRESSIVE;
				CLANG_WARN_UNREACHABLE_CODE = YES;
				CLANG_WARN__DUPLICATE_METHOD_MATCH = YES;
				CODE_SIGN_IDENTITY = "iPhone Developer";
				COPY_PHASE_STRIP = NO;
				DEBUG_INFORMATION_FORMAT = dwarf;
				ENABLE_STRICT_OBJC_MSGSEND = YES;
				ENABLE_TESTABILITY = YES;
				GCC_C_LANGUAGE_STANDARD = gnu11;
				GCC_DYNAMIC_NO_PIC = NO;
				GCC_NO_COMMON_BLOCKS = YES;
				GCC_OPTIMIZATION_LEVEL = 0;
				GCC_PREPROCESSOR_DEFINITIONS = (
					"DEBUG=1",
					"$(inherited)",
				);
				GCC_WARN_64_TO_32_BIT_CONVERSION = YES;
				GCC_WARN_ABOUT_RETURN_TYPE = YES_ERROR;
				GCC_WARN_UNDECLARED_SELECTOR = YES;
				GCC_WARN_UNINITIALIZED_AUTOS = YES_AGGRESSIVE;
				GCC_WARN_UNUSED_FUNCTION = YES;
				GCC_WARN_UNUSED_VARIABLE = YES;
				IPHONEOS_DEPLOYMENT_TARGET = 9.0;
				MTL_ENABLE_DEBUG_INFO = YES;
				ONLY_ACTIVE_ARCH = YES;
				SDKROOT = iphoneos;
			};
			name = Debug;
		};
		F5C520C81FD8ED51004C071A /* Release */ = {
			isa = XCBuildConfiguration;
			buildSettings = {
				ALWAYS_SEARCH_USER_PATHS = NO;
				CLANG_ANALYZER_LOCALIZABILITY_NONLOCALIZED = YES;
				CLANG_ANALYZER_NONNULL = YES;
				CLANG_ANALYZER_NUMBER_OBJECT_CONVERSION = YES_AGGRESSIVE;
				CLANG_CXX_LANGUAGE_STANDARD = "gnu++14";
				CLANG_CXX_LIBRARY = "libc++";
				CLANG_ENABLE_MODULES = YES;
				CLANG_ENABLE_OBJC_ARC = YES;
				CLANG_WARN_BLOCK_CAPTURE_AUTORELEASING = YES;
				CLANG_WARN_BOOL_CONVERSION = YES;
				CLANG_WARN_COMMA = YES;
				CLANG_WARN_CONSTANT_CONVERSION = YES;
				CLANG_WARN_DIRECT_OBJC_ISA_USAGE = YES_ERROR;
				CLANG_WARN_DOCUMENTATION_COMMENTS = YES;
				CLANG_WARN_EMPTY_BODY = YES;
				CLANG_WARN_ENUM_CONVERSION = YES;
				CLANG_WARN_INFINITE_RECURSION = YES;
				CLANG_WARN_INT_CONVERSION = YES;
				CLANG_WARN_NON_LITERAL_NULL_CONVERSION = YES;
				CLANG_WARN_OBJC_LITERAL_CONVERSION = YES;
				CLANG_WARN_OBJC_ROOT_CLASS = YES_ERROR;
				CLANG_WARN_RANGE_LOOP_ANALYSIS = YES;
				CLANG_WARN_STRICT_PROTOTYPES = YES;
				CLANG_WARN_SUSPICIOUS_MOVE = YES;
				CLANG_WARN_UNGUARDED_AVAILABILITY = YES_AGGRESSIVE;
				CLANG_WARN_UNREACHABLE_CODE = YES;
				CLANG_WARN__DUPLICATE_METHOD_MATCH = YES;
				CODE_SIGN_IDENTITY = "iPhone Developer";
				COPY_PHASE_STRIP = NO;
				DEBUG_INFORMATION_FORMAT = "dwarf-with-dsym";
				ENABLE_NS_ASSERTIONS = NO;
				ENABLE_STRICT_OBJC_MSGSEND = YES;
				GCC_C_LANGUAGE_STANDARD = gnu11;
				GCC_NO_COMMON_BLOCKS = YES;
				GCC_WARN_64_TO_32_BIT_CONVERSION = YES;
				GCC_WARN_ABOUT_RETURN_TYPE = YES_ERROR;
				GCC_WARN_UNDECLARED_SELECTOR = YES;
				GCC_WARN_UNINITIALIZED_AUTOS = YES_AGGRESSIVE;
				GCC_WARN_UNUSED_FUNCTION = YES;
				GCC_WARN_UNUSED_VARIABLE = YES;
				IPHONEOS_DEPLOYMENT_TARGET = 9.0;
				MTL_ENABLE_DEBUG_INFO = NO;
				SDKROOT = iphoneos;
				VALIDATE_PRODUCT = YES;
			};
			name = Release;
		};
		F5C520CA1FD8ED51004C071A /* Debug */ = {
			isa = XCBuildConfiguration;
			baseConfigurationReference = B4C6217D5BA5897C895124C3 /* Pods-MortgageCalculator.debug.xcconfig */;
			buildSettings = {
				ASSETCATALOG_COMPILER_APPICON_NAME = AppIcon;
				"CODE_SIGN_IDENTITY[sdk=iphoneos*]" = "iPhone Developer";
				CODE_SIGN_STYLE = Automatic;
				DEBUG_INFORMATION_FORMAT = "dwarf-with-dsym";
				DEVELOPMENT_TEAM = VT54PS3LUX;
				ENABLE_BITCODE = NO;
				GCC_PREFIX_HEADER = "MortgageCalculator/MortgageCalculator-Prefix.pch";
				INFOPLIST_FILE = MortgageCalculator/Info.plist;
				IPHONEOS_DEPLOYMENT_TARGET = 9.0;
				LD_RUNPATH_SEARCH_PATHS = "$(inherited) @executable_path/Frameworks";
				PRODUCT_BUNDLE_IDENTIFIER = com.yaoyao.MortgageCalculator;
				PRODUCT_NAME = "房贷计算器";
				PROVISIONING_PROFILE_SPECIFIER = "";
				TARGETED_DEVICE_FAMILY = 1;
			};
			name = Debug;
		};
		F5C520CB1FD8ED51004C071A /* Release */ = {
			isa = XCBuildConfiguration;
			baseConfigurationReference = 986EA0910B31EBF1F60A2929 /* Pods-MortgageCalculator.release.xcconfig */;
			buildSettings = {
				ASSETCATALOG_COMPILER_APPICON_NAME = AppIcon;
				"CODE_SIGN_IDENTITY[sdk=iphoneos*]" = "iPhone Developer";
				CODE_SIGN_STYLE = Automatic;
				DEVELOPMENT_TEAM = VT54PS3LUX;
				ENABLE_BITCODE = NO;
				GCC_PREFIX_HEADER = "MortgageCalculator/MortgageCalculator-Prefix.pch";
				INFOPLIST_FILE = MortgageCalculator/Info.plist;
				IPHONEOS_DEPLOYMENT_TARGET = 9.0;
				LD_RUNPATH_SEARCH_PATHS = "$(inherited) @executable_path/Frameworks";
				PRODUCT_BUNDLE_IDENTIFIER = com.yaoyao.MortgageCalculator;
				PRODUCT_NAME = "房贷计算器";
				PROVISIONING_PROFILE_SPECIFIER = "";
				TARGETED_DEVICE_FAMILY = 1;
			};
			name = Release;
		};
/* End XCBuildConfiguration section */

/* Begin XCConfigurationList section */
		F5C520AE1FD8ED51004C071A /* Build configuration list for PBXProject "MortgageCalculator" */ = {
			isa = XCConfigurationList;
			buildConfigurations = (
				F5C520C71FD8ED51004C071A /* Debug */,
				F5C520C81FD8ED51004C071A /* Release */,
			);
			defaultConfigurationIsVisible = 0;
			defaultConfigurationName = Release;
		};
		F5C520C91FD8ED51004C071A /* Build configuration list for PBXNativeTarget "MortgageCalculator" */ = {
			isa = XCConfigurationList;
			buildConfigurations = (
				F5C520CA1FD8ED51004C071A /* Debug */,
				F5C520CB1FD8ED51004C071A /* Release */,
			);
			defaultConfigurationIsVisible = 0;
			defaultConfigurationName = Release;
		};
/* End XCConfigurationList section */
	};
	rootObject = F5C520AB1FD8ED51004C071A /* Project object */;
}
